
Microsoft Visual Studio Solution File, Format Version 12.00
# Visual Studio 15
VisualStudioVersion = 15.0.27703.2042
MinimumVisualStudioVersion = 10.0.40219.1
Project("{FAE04EC0-301F-11D3-BF4B-00C04F79EFBC}") = "Matrix", "Matrix\Matrix.csproj", "{38C3B818-6DC4-457D-87F2-6EF6C3C20399}"
EndProject
Global
	GlobalSection(SolutionConfigurationPlatforms) = preSolution
		Debug|Any CPU = Debug|Any CPU
		Release|Any CPU = Release|Any CPU
	EndGlobalSection
	GlobalSection(ProjectConfigurationPlatforms) = postSolution
		{38C3B818-6DC4-457D-87F2-6EF6C3C20399}.Debug|Any CPU.ActiveCfg = Debug|Any CPU
		{38C3B818-6DC4-457D-87F2-6EF6C3C20399}.Debug|Any CPU.Build.0 = Debug|Any CPU
		{38C3B818-6DC4-457D-87F2-6EF6C3C20399}.Release|Any CPU.ActiveCfg = Release|Any CPU
		{38C3B818-6DC4-457D-87F2-6EF6C3C20399}.Release|Any CPU.Build.0 = Release|Any CPU
	EndGlobalSection
	GlobalSection(SolutionProperties) = preSolution
		HideSolutionNode = FALSE
	EndGlobalSection
	GlobalSection(ExtensibilityGlobals) = postSolution
		SolutionGuid = {FDD5CB74-303A-4CED-ABCD-67EA2C6E9670}
	EndGlobalSection
EndGlobal
